<?xml version="1.0" encoding="utf-8"?>
<Project ToolsVersion="4.0" xmlns="http://schemas.microsoft.com/developer/msbuild/2003">
  <ItemGroup>
    <Filter Include="Library">
      <UniqueIdentifier>{d5173dcf-2786-4f98-bd55-d03549637dfe}</UniqueIdentifier>
    </Filter>
    <Filter Include="Src">
      <UniqueIdentifier>{80d0a5a9-6779-4863-bede-cc22a4986dc5}</UniqueIdentifier>
    </Filter>
    <Filter Include="Src\Framework">
      <UniqueIdentifier>{f5928314-3ee2-4e39-abfa-d93aa9ee5891}</UniqueIdentifier>
    </Filter>
    <Filter Include="Src\Framework\Direct3D">
      <UniqueIdentifier>{f193abd5-e51c-466e-a937-722bc9175e9a}</UniqueIdentifier>
    </Filter>
    <Filter Include="Src\Framework\Utility">
      <UniqueIdentifier>{f5d733b1-5031-4659-a9d4-0dd3add1e5fb}</UniqueIdentifier>
    </Filter>
    <Filter Include="Src\Framework\Window">
      <UniqueIdentifier>{cb022f2a-c5a2-449b-9b70-5110aff8550f}</UniqueIdentifier>
    </Filter>
    <Filter Include="Library\tinygltf">
      <UniqueIdentifier>{307bfbcd-124f-4ad7-85f5-3fd94f814b1f}</UniqueIdentifier>
    </Filter>
    <Filter Include="Src\Framework\Shader">
      <UniqueIdentifier>{93543c0c-58fe-4a94-8279-7be3021b65b1}</UniqueIdentifier>
    </Filter>
    <Filter Include="Src\Framework\Shader\SpriteShader">
      <UniqueIdentifier>{2da4d471-f4e8-4b2d-bdef-b93f91523b8b}</UniqueIdentifier>
    </Filter>
    <Filter Include="Src\Application">
      <UniqueIdentifier>{d0d0f9cf-dabd-4346-bc9a-d9c04cf42372}</UniqueIdentifier>
    </Filter>
    <Filter Include="Src\Framework\Math">
      <UniqueIdentifier>{04f33e76-24f0-4a58-9355-5770b3f6f9c6}</UniqueIdentifier>
    </Filter>
    <Filter Include="Src\Framework\Audio">
      <UniqueIdentifier>{2a0de30f-d7e8-4517-a9a1-20de6e434592}</UniqueIdentifier>
    </Filter>
    <Filter Include="Src\Framework\Shader\PostProcessShader">
      <UniqueIdentifier>{bfef98c3-f0b2-41b1-b813-6f298072287b}</UniqueIdentifier>
    </Filter>
    <Filter Include="Src\Framework\GameObject">
      <UniqueIdentifier>{d45ba257-913b-44e3-a012-888d7b6f2b68}</UniqueIdentifier>
    </Filter>
    <Filter Include="Src\Framework\Input">
      <UniqueIdentifier>{9bd33b87-53db-4bc0-b98d-80db98f4ba9b}</UniqueIdentifier>
    </Filter>
    <Filter Include="Src\Framework\Direct3D\Polygon">
      <UniqueIdentifier>{b91bce2d-4487-485a-a855-b2bb6ce0d30b}</UniqueIdentifier>
    </Filter>
    <Filter Include="Src\Framework\Shader\StandardShader">
      <UniqueIdentifier>{857913be-4481-4606-9719-87518d4a6aeb}</UniqueIdentifier>
    </Filter>
    <Filter Include="Src\Framework\Effekseer">
      <UniqueIdentifier>{c81b93e4-2f33-496a-985e-98658f1cec51}</UniqueIdentifier>
    </Filter>
    <Filter Include="Library\imgui">
      <UniqueIdentifier>{9e2b992a-9c34-450b-a4cf-c4749feebcc6}</UniqueIdentifier>
    </Filter>
    <Filter Include="Src\Framework\Font">
      <UniqueIdentifier>{66aaa1ee-9cbd-4422-b7c2-7885620d808f}</UniqueIdentifier>
    </Filter>
    <Filter Include="Src\Framework\Utility\KdDebug">
      <UniqueIdentifier>{8998a2f9-9d4a-46aa-95ef-1d0c2545ca0d}</UniqueIdentifier>
    </Filter>
    <Filter Include="Src\Application\Scene">
      <UniqueIdentifier>{a572e10e-6690-4c7c-af7d-7dcf13d1ee2f}</UniqueIdentifier>
    </Filter>
    <Filter Include="Src\Application\Scene\BaseScene">
      <UniqueIdentifier>{7f2dd72a-1b1e-4fb4-b0cb-8ea5a69cd1b8}</UniqueIdentifier>
    </Filter>
    <Filter Include="Src\Application\Scene\GameScene">
      <UniqueIdentifier>{050f45dd-d558-4156-bcc6-0b010d3265c8}</UniqueIdentifier>
    </Filter>
    <Filter Include="Src\Application\Scene\TitleScene">
      <UniqueIdentifier>{6036b8f3-498e-401e-865a-f8632985b816}</UniqueIdentifier>
    </Filter>
    <Filter Include="Src\Application\GameObject">
      <UniqueIdentifier>{362e80f9-8c3b-4a87-9e83-f0e4b6d570f6}</UniqueIdentifier>
    </Filter>
    <Filter Include="Src\Application\GameObject\Camera">
      <UniqueIdentifier>{cedad702-e70f-4d1b-9fdc-88426f7f436b}</UniqueIdentifier>
    </Filter>
    <Filter Include="Src\Application\GameObject\Camera\TPSCamera">
      <UniqueIdentifier>{9627eb29-8018-4836-9747-bf807b6c4dfa}</UniqueIdentifier>
    </Filter>
    <Filter Include="Src\Application\GameObject\Camera\FPSCamera">
      <UniqueIdentifier>{cd662ee1-c913-4e31-addc-42ef89e2668c}</UniqueIdentifier>
    </Filter>
    <Filter Include="Src\Application\Editor">
      <UniqueIdentifier>{bf3e7fb9-3068-4184-8f64-3fa8d38a4899}</UniqueIdentifier>
    </Filter>
    <Filter Include="Src\Application\GameObject\Character">
      <UniqueIdentifier>{38c86d12-6db2-44b6-9a47-235578177f9a}</UniqueIdentifier>
    </Filter>
    <Filter Include="Src\Application\GameObject\Character\Player">
      <UniqueIdentifier>{2d4bd6b5-2c58-407f-ac00-ab8f08bdc42b}</UniqueIdentifier>
    </Filter>
    <Filter Include="Src\Application\GameObject\Camera\EditorCamera">
      <UniqueIdentifier>{93bd9e0e-ba11-4389-86e9-72b845cccbb0}</UniqueIdentifier>
    </Filter>
    <Filter Include="Src\Application\System">
      <UniqueIdentifier>{e521b29b-3243-4d9d-bbc1-02f2dc8410f5}</UniqueIdentifier>
    </Filter>
    <Filter Include="Src\Application\System\ReferenceManager">
      <UniqueIdentifier>{78b7834e-7c7d-4d83-950b-0d3466e75a98}</UniqueIdentifier>
    </Filter>
    <Filter Include="Src\Application\System\GameObjectFinder">
      <UniqueIdentifier>{881cab7c-cfa0-4081-a6af-086111b438fb}</UniqueIdentifier>
    </Filter>
    <Filter Include="Src\Application\GameObject\Character\Player\Animation">
      <UniqueIdentifier>{5ba57abb-da11-47d3-9e66-7c436f86fa93}</UniqueIdentifier>
    </Filter>
    <Filter Include="Src\Application\GameObject\Character\Player\State">
      <UniqueIdentifier>{dbb1fe2d-5313-40ca-890f-44ff7b5e074a}</UniqueIdentifier>
    </Filter>
    <Filter Include="Src\Application\System\CollisionManager">
      <UniqueIdentifier>{cab902f2-183b-4d4d-b8ac-99ba59c5a30a}</UniqueIdentifier>
    </Filter>
    <Filter Include="Src\Application\System\CollisionManager\CollisionLayer">
      <UniqueIdentifier>{462a2018-3580-4e1d-83cc-ce56e3ab07df}</UniqueIdentifier>
    </Filter>
    <Filter Include="Src\Application\GameObject\Character\Enemy">
      <UniqueIdentifier>{7b620f96-ce03-4ae1-ab71-113b17281ddb}</UniqueIdentifier>
    </Filter>
    <Filter Include="Src\Application\GameObject\Character\Enemy\Beholder">
      <UniqueIdentifier>{58f20320-36ea-4b0f-9c01-69e560e9c046}</UniqueIdentifier>
    </Filter>
    <Filter Include="Src\Application\GameObject\Character\Enemy\Mushroom">
      <UniqueIdentifier>{6c1cc284-3c18-439f-a675-319b1e708ce8}</UniqueIdentifier>
    </Filter>
    <Filter Include="Src\Application\GameObject\Character\Enemy\Golem">
      <UniqueIdentifier>{46885049-651e-49a3-96d7-aed3e992e9ba}</UniqueIdentifier>
    </Filter>
    <Filter Include="Src\Application\GameObject\Character\Enemy\StarFish">
      <UniqueIdentifier>{6344aee2-47e8-4c9b-9b77-3d3a301e0468}</UniqueIdentifier>
    </Filter>
    <Filter Include="Src\Application\GameObject\Character\Enemy\ChestMonster">
      <UniqueIdentifier>{354540eb-e890-4bca-9c7c-f286eac697c8}</UniqueIdentifier>
    </Filter>
    <Filter Include="Src\Application\GameObject\Character\Enemy\TurtleShell">
      <UniqueIdentifier>{931ffdeb-826a-411a-ab2b-8e995dcf10ae}</UniqueIdentifier>
    </Filter>
    <Filter Include="Src\Application\GameObject\Character\Enemy\Slime">
      <UniqueIdentifier>{503314c6-1b3a-4e66-ad75-1d9fb95627ee}</UniqueIdentifier>
    </Filter>
    <Filter Include="Src\Application\GameObject\Character\Enemy\Cactas">
      <UniqueIdentifier>{2d5abb5e-4899-49cb-91fb-d824c32623b5}</UniqueIdentifier>
    </Filter>
    <Filter Include="Src\Application\GameObject\Character\Enemy\Mage">
      <UniqueIdentifier>{eaf54129-a2a9-41ad-8f7c-9ef0d469c826}</UniqueIdentifier>
    </Filter>
    <Filter Include="Src\Application\GameObject\Character\Enemy\Bomb">
      <UniqueIdentifier>{3372bf5d-a499-4499-8a2c-41eb1448dfae}</UniqueIdentifier>
    </Filter>
    <Filter Include="Src\Application\GameObject\Character\Enemy\Swarm">
      <UniqueIdentifier>{4ca7f9ae-7521-4f21-b599-f36d2da0c684}</UniqueIdentifier>
    </Filter>
    <Filter Include="Src\Application\GameObject\Character\Animation">
      <UniqueIdentifier>{6d57d8b3-585c-4309-8450-bb3f3f38e74f}</UniqueIdentifier>
    </Filter>
    <Filter Include="Src\Application\GameObject\Character\Enemy\Beholder\State">
      <UniqueIdentifier>{f1ede9f3-b37f-49c1-a607-e61d608bb0e2}</UniqueIdentifier>
    </Filter>
    <Filter Include="Src\Application\GameObject\Character\Enemy\Beholder\Animation">
      <UniqueIdentifier>{4969b231-4fca-4090-8145-cbc8dfa7b6ae}</UniqueIdentifier>
    </Filter>
    <Filter Include="Src\Application\GameObject\Character\Enemy\Swarm\Animation">
      <UniqueIdentifier>{03a5d805-73a9-48c0-beef-5d8afff9c8af}</UniqueIdentifier>
    </Filter>
    <Filter Include="Src\Application\GameObject\Character\Enemy\Swarm\State">
      <UniqueIdentifier>{84d58b12-bbce-4fe7-9044-2e6f1c39566d}</UniqueIdentifier>
    </Filter>
    <Filter Include="Src\Application\GameObject\Character\Enemy\ChestMonster\Animation">
      <UniqueIdentifier>{6bc07782-041b-4ff9-9cc3-154680159450}</UniqueIdentifier>
    </Filter>
    <Filter Include="Src\Application\GameObject\Character\Enemy\ChestMonster\State">
      <UniqueIdentifier>{e3038278-aa07-4f1f-9b04-bb4e3b52c144}</UniqueIdentifier>
    </Filter>
    <Filter Include="Src\Application\GameObject\Character\Enemy\Golem\Animation">
      <UniqueIdentifier>{4d747066-9e93-4be4-af04-5da828cb55fd}</UniqueIdentifier>
    </Filter>
    <Filter Include="Src\Application\GameObject\Character\Enemy\Golem\State">
      <UniqueIdentifier>{1ed6c1db-5e74-47e6-ae9f-191f71081c6e}</UniqueIdentifier>
    </Filter>
    <Filter Include="Src\Application\GameObject\Character\Enemy\Mushroom\Animation">
      <UniqueIdentifier>{81072ce7-0483-41cd-911b-23e049717b21}</UniqueIdentifier>
    </Filter>
    <Filter Include="Src\Application\GameObject\Character\Enemy\Mushroom\State">
      <UniqueIdentifier>{40b3d504-7080-4985-a899-8f20516ad712}</UniqueIdentifier>
    </Filter>
    <Filter Include="Src\Application\GameObject\Character\Enemy\Cactas\Animation">
      <UniqueIdentifier>{c6ce85ed-293a-4123-9921-ef031b988759}</UniqueIdentifier>
    </Filter>
    <Filter Include="Src\Application\GameObject\Character\Enemy\Cactas\State">
      <UniqueIdentifier>{f620db00-62a6-444f-942a-bf969c7a5c00}</UniqueIdentifier>
    </Filter>
    <Filter Include="Src\Application\GameObject\Character\Enemy\Mage\Animation">
      <UniqueIdentifier>{68bc63e4-39d9-4ab2-9d9a-98dd24b2cb21}</UniqueIdentifier>
    </Filter>
    <Filter Include="Src\Application\GameObject\Character\Enemy\Mage\State">
      <UniqueIdentifier>{b395fe95-ca3d-4c28-9ee4-74a4bba6534a}</UniqueIdentifier>
    </Filter>
    <Filter Include="Src\Application\GameObject\Character\Enemy\Bomb\Animation">
      <UniqueIdentifier>{00640055-97fd-4524-8d09-01de82181094}</UniqueIdentifier>
    </Filter>
    <Filter Include="Src\Application\GameObject\Character\Enemy\Bomb\State">
      <UniqueIdentifier>{3a7ce2ca-03b3-4adf-86cd-0ac351c6b14c}</UniqueIdentifier>
    </Filter>
    <Filter Include="Src\Application\GameObject\Character\Enemy\Slime\Animation">
      <UniqueIdentifier>{167d18e9-d422-4ed4-a36e-473021f7005e}</UniqueIdentifier>
    </Filter>
    <Filter Include="Src\Application\GameObject\Character\Enemy\Slime\State">
      <UniqueIdentifier>{3f7ef61e-09f3-4c6e-b898-208f881a21e5}</UniqueIdentifier>
    </Filter>
    <Filter Include="Src\Application\GameObject\Character\Enemy\StarFish\Animation">
      <UniqueIdentifier>{29715cf5-e147-41d3-8c4d-2fffc183ca54}</UniqueIdentifier>
    </Filter>
    <Filter Include="Src\Application\GameObject\Character\Enemy\StarFish\State">
      <UniqueIdentifier>{7eb9df41-e443-4e25-b078-d7e4f4e423a7}</UniqueIdentifier>
    </Filter>
    <Filter Include="Src\Application\GameObject\Character\Enemy\TurtleShell\Animation">
      <UniqueIdentifier>{1eef8142-26a5-4c20-be42-d55e8ad0a677}</UniqueIdentifier>
    </Filter>
    <Filter Include="Src\Application\GameObject\Character\Enemy\TurtleShell\State">
      <UniqueIdentifier>{40b9043a-87e4-475d-9170-4176c98619d4}</UniqueIdentifier>
    </Filter>
    <Filter Include="Src\Application\GameObject\Character\Player\Parameter">
      <UniqueIdentifier>{0b2704a4-33e4-4046-906d-7686b3e8e0cc}</UniqueIdentifier>
    </Filter>
    <Filter Include="Src\Application\GameObject\Character\Enemy\Beholder\Parameter">
      <UniqueIdentifier>{cfc78af4-463c-4a73-945c-ae2d237dacf6}</UniqueIdentifier>
    </Filter>
    <Filter Include="Src\Application\GameObject\Character\Enemy\Bomb\Parameter">
      <UniqueIdentifier>{9f779fdb-fe34-417a-b703-6f2b54ed82d6}</UniqueIdentifier>
    </Filter>
    <Filter Include="Src\Application\GameObject\Character\Enemy\Cactas\Parameter">
      <UniqueIdentifier>{ddfa690f-7fa1-4eb8-abe0-49ed3ab85ec3}</UniqueIdentifier>
    </Filter>
    <Filter Include="Src\Application\GameObject\Character\Enemy\ChestMonster\Parameter">
      <UniqueIdentifier>{4a722537-2c50-483e-af9f-10947ea5e0ab}</UniqueIdentifier>
    </Filter>
    <Filter Include="Src\Application\GameObject\Character\Enemy\Golem\Parameter">
      <UniqueIdentifier>{a570494e-4c01-4604-a6ee-96075e778b22}</UniqueIdentifier>
    </Filter>
    <Filter Include="Src\Application\GameObject\Character\Enemy\Mage\Parameter">
      <UniqueIdentifier>{a80b4287-37a2-46d3-b777-86d4d45871ad}</UniqueIdentifier>
    </Filter>
    <Filter Include="Src\Application\GameObject\Character\Enemy\Mushroom\Parameter">
      <UniqueIdentifier>{a8e012e5-a9a2-4f6d-a77b-33e3b06b2155}</UniqueIdentifier>
    </Filter>
    <Filter Include="Src\Application\GameObject\Character\Enemy\Slime\Parameter">
      <UniqueIdentifier>{49a16664-b346-4592-9507-35860654750c}</UniqueIdentifier>
    </Filter>
    <Filter Include="Src\Application\GameObject\Character\Enemy\StarFish\Parameter">
      <UniqueIdentifier>{e0a77edc-c61b-4290-8b66-3dd71e618a9e}</UniqueIdentifier>
    </Filter>
    <Filter Include="Src\Application\GameObject\Character\Enemy\Swarm\Parameter">
      <UniqueIdentifier>{93d6198e-aad4-4c19-a135-f86431607460}</UniqueIdentifier>
    </Filter>
    <Filter Include="Src\Application\GameObject\Character\Enemy\TurtleShell\Parameter">
      <UniqueIdentifier>{8e89adb4-fb16-45e5-8b4c-c1e7e671c713}</UniqueIdentifier>
    </Filter>
    <Filter Include="Src\Application\Scene\EditorScene">
      <UniqueIdentifier>{4614ef41-c923-4f0d-aaa4-eb403ecee8f7}</UniqueIdentifier>
    </Filter>
    <Filter Include="Src\Application\Editor\StageEditor">
      <UniqueIdentifier>{4fdd5ec8-e329-44a9-953b-aef40772338e}</UniqueIdentifier>
    </Filter>
    <Filter Include="Src\Application\Editor\Hierarchy">
      <UniqueIdentifier>{31bebdf4-4599-4c94-bdd1-80bf69a8b441}</UniqueIdentifier>
    </Filter>
    <Filter Include="Src\Application\Editor\Inspector">
      <UniqueIdentifier>{feaf2ee3-afdd-4ddf-bbe4-2f3038c84518}</UniqueIdentifier>
    </Filter>
    <Filter Include="Src\Application\GameObject\Stage">
      <UniqueIdentifier>{30d95ea9-9d6c-4602-babd-2e5b004b74d0}</UniqueIdentifier>
    </Filter>
    <Filter Include="Src\Application\GameObject\Stage\Stage01">
      <UniqueIdentifier>{8c808a1c-7860-4340-9395-88bac228d58e}</UniqueIdentifier>
    </Filter>
    <Filter Include="Src\Application\GameObject\Stage\Stage01\Render">
      <UniqueIdentifier>{a5abb3c0-5e3c-437c-950e-42b919c9dfde}</UniqueIdentifier>
    </Filter>
    <Filter Include="Src\Application\GameObject\Stage\Stage01\Collision">
      <UniqueIdentifier>{951a0f0d-2621-45cf-be81-df3ff79cec17}</UniqueIdentifier>
    </Filter>
    <Filter Include="Src\Application\GameObject\Stage\Stage01\Collision\WallCollision">
      <UniqueIdentifier>{e403af3b-ffd4-4523-a9d4-f13fe8d4d7ff}</UniqueIdentifier>
    </Filter>
    <Filter Include="Src\Application\GameObject\Stage\Stage01\Collision\GroundCollision">
      <UniqueIdentifier>{fd853f4f-c024-4112-b051-5c8297be0620}</UniqueIdentifier>
    </Filter>
    <Filter Include="Src\Application\System\StageDataManager">
      <UniqueIdentifier>{ac463d04-d4d0-41e4-87a2-a202f1fb5506}</UniqueIdentifier>
    </Filter>
    <Filter Include="Src\Application\Editor\MessageWindow">
      <UniqueIdentifier>{f372b89f-5acd-4edc-b7f5-7d7e3f411150}</UniqueIdentifier>
    </Filter>
    <Filter Include="Src\Application\GameObject\WayPoint">
      <UniqueIdentifier>{75425795-af46-4a60-bf6c-781f50c49e32}</UniqueIdentifier>
    </Filter>
    <Filter Include="Src\Application\System\WayPointManager">
      <UniqueIdentifier>{16ea0773-1cb7-4e0b-a443-167e6ad4ce1f}</UniqueIdentifier>
    </Filter>
    <Filter Include="Src\Application\GameObject\Stage\Stage01\Collision\AIBlockCollision">
      <UniqueIdentifier>{567349c9-f5fb-4004-a44c-aee239827de9}</UniqueIdentifier>
    </Filter>
  </ItemGroup>
  <ItemGroup>
    <ClInclude Include="src\Pch.h">
      <Filter>Src</Filter>
    </ClInclude>
    <ClInclude Include="..\Library\tinygltf\json.hpp">
      <Filter>Library\tinygltf</Filter>
    </ClInclude>
    <ClInclude Include="..\Library\tinygltf\stb_image.h">
      <Filter>Library\tinygltf</Filter>
    </ClInclude>
    <ClInclude Include="..\Library\tinygltf\stb_image_write.h">
      <Filter>Library\tinygltf</Filter>
    </ClInclude>
    <ClInclude Include="..\Library\tinygltf\tiny_gltf.h">
      <Filter>Library\tinygltf</Filter>
    </ClInclude>
    <ClInclude Include="Src\Application\main.h">
      <Filter>Src\Application</Filter>
    </ClInclude>
    <ClInclude Include="src\Framework\Direct3D\KdDirect3D.h">
      <Filter>Src\Framework\Direct3D</Filter>
    </ClInclude>
    <ClInclude Include="src\Framework\Direct3D\KdTexture.h">
      <Filter>Src\Framework\Direct3D</Filter>
    </ClInclude>
    <ClInclude Include="src\Framework\Direct3D\KdBuffer.h">
      <Filter>Src\Framework\Direct3D</Filter>
    </ClInclude>
    <ClInclude Include="Src\Framework\Direct3D\KdGLTFLoader.h">
      <Filter>Src\Framework\Direct3D</Filter>
    </ClInclude>
    <ClInclude Include="Src\Framework\Shader\KdShaderManager.h">
      <Filter>Src\Framework\Shader</Filter>
    </ClInclude>
    <ClInclude Include="Src\Framework\Shader\SpriteShader\KdSpriteShader.h">
      <Filter>Src\Framework\Shader\SpriteShader</Filter>
    </ClInclude>
    <ClInclude Include="src\Framework\Utility\KdUtility.h">
      <Filter>Src\Framework\Utility</Filter>
    </ClInclude>
    <ClInclude Include="src\Framework\KdFramework.h">
      <Filter>Src\Framework</Filter>
    </ClInclude>
    <ClInclude Include="..\Library\strconv.h">
      <Filter>Library</Filter>
    </ClInclude>
    <ClInclude Include="src\Framework\Window\KdWindow.h">
      <Filter>Src\Framework\Window</Filter>
    </ClInclude>
    <ClInclude Include="src\Framework\Direct3D\KdMesh.h">
      <Filter>Src\Framework\Direct3D</Filter>
    </ClInclude>
    <ClInclude Include="Src\Framework\Direct3D\KdModel.h">
      <Filter>Src\Framework\Direct3D</Filter>
    </ClInclude>
    <ClInclude Include="Src\Framework\Math\KdCollision.h">
      <Filter>Src\Framework\Math</Filter>
    </ClInclude>
    <ClInclude Include="Src\Framework\Math\KdAnimation.h">
      <Filter>Src\Framework\Math</Filter>
    </ClInclude>
    <ClInclude Include="Src\Framework\Audio\KdAudio.h">
      <Filter>Src\Framework\Audio</Filter>
    </ClInclude>
    <ClInclude Include="Src\Framework\Direct3D\KdCamera.h">
      <Filter>Src\Framework\Direct3D</Filter>
    </ClInclude>
    <ClInclude Include="Src\Framework\Shader\PostProcessShader\KdPostProcessShader.h">
      <Filter>Src\Framework\Shader\PostProcessShader</Filter>
    </ClInclude>
    <ClInclude Include="Src\Framework\Math\KdCollider.h">
      <Filter>Src\Framework\Math</Filter>
    </ClInclude>
    <ClInclude Include="Src\Framework\Math\KdEasing.h">
      <Filter>Src\Framework\Math</Filter>
    </ClInclude>
    <ClInclude Include="Src\Framework\GameObject\KdGameObject.h">
      <Filter>Src\Framework\GameObject</Filter>
    </ClInclude>
    <ClInclude Include="Src\Framework\GameObject\KdGameObjectFactory.h">
      <Filter>Src\Framework\GameObject</Filter>
    </ClInclude>
    <ClInclude Include="Src\Framework\Input\KdInput.h">
      <Filter>Src\Framework\Input</Filter>
    </ClInclude>
    <ClInclude Include="Src\Framework\Utility\KdCSVData.h">
      <Filter>Src\Framework\Utility</Filter>
    </ClInclude>
    <ClInclude Include="Src\Framework\Direct3D\Polygon\KdPolygon.h">
      <Filter>Src\Framework\Direct3D\Polygon</Filter>
    </ClInclude>
    <ClInclude Include="Src\Framework\Direct3D\Polygon\KdSquarePolygon.h">
      <Filter>Src\Framework\Direct3D\Polygon</Filter>
    </ClInclude>
    <ClInclude Include="Src\Framework\Direct3D\Polygon\KdTrailPolygon.h">
      <Filter>Src\Framework\Direct3D\Polygon</Filter>
    </ClInclude>
    <ClInclude Include="Src\Framework\Direct3D\KdMaterial.h">
      <Filter>Src\Framework\Direct3D</Filter>
    </ClInclude>
    <ClInclude Include="Src\Framework\Utility\KdDataStorage.h">
      <Filter>Src\Framework\Utility</Filter>
    </ClInclude>
    <ClInclude Include="Src\Framework\Shader\KdAmbientController.h">
      <Filter>Src\Framework\Shader</Filter>
    </ClInclude>
    <ClInclude Include="Src\Framework\Math\KdUVAnimation.h">
      <Filter>Src\Framework\Math</Filter>
    </ClInclude>
    <ClInclude Include="Src\Framework\Shader\KdRenderTargetChange.h">
      <Filter>Src\Framework\Shader</Filter>
    </ClInclude>
    <ClInclude Include="Src\Framework\Utility\KdFPSController.h">
      <Filter>Src\Framework\Utility</Filter>
    </ClInclude>
    <ClInclude Include="Src\Framework\Shader\StandardShader\KdStandardShader.h">
      <Filter>Src\Framework\Shader\StandardShader</Filter>
    </ClInclude>
    <ClInclude Include="Src\Framework\Effekseer\KdEffekseerManager.h">
      <Filter>Src\Framework\Effekseer</Filter>
    </ClInclude>
    <ClInclude Include="Src\Framework\Utility\KdRandom.h">
      <Filter>Src\Framework\Utility</Filter>
    </ClInclude>
    <ClInclude Include="..\Library\imgui\imconfig.h">
      <Filter>Library\imgui</Filter>
    </ClInclude>
    <ClInclude Include="..\Library\imgui\imgui.h">
      <Filter>Library\imgui</Filter>
    </ClInclude>
    <ClInclude Include="..\Library\imgui\imgui_impl_dx11.h">
      <Filter>Library\imgui</Filter>
    </ClInclude>
    <ClInclude Include="..\Library\imgui\imgui_impl_win32.h">
      <Filter>Library\imgui</Filter>
    </ClInclude>
    <ClInclude Include="..\Library\imgui\imgui_internal.h">
      <Filter>Library\imgui</Filter>
    </ClInclude>
    <ClInclude Include="..\Library\imgui\imgui_stdlib.h">
      <Filter>Library\imgui</Filter>
    </ClInclude>
    <ClInclude Include="..\Library\imgui\imstb_rectpack.h">
      <Filter>Library\imgui</Filter>
    </ClInclude>
    <ClInclude Include="..\Library\imgui\imstb_textedit.h">
      <Filter>Library\imgui</Filter>
    </ClInclude>
    <ClInclude Include="..\Library\imgui\imstb_truetype.h">
      <Filter>Library\imgui</Filter>
    </ClInclude>
    <ClInclude Include="..\Library\imgui\ja_glyph_ranges.h">
      <Filter>Library\imgui</Filter>
    </ClInclude>
    <ClInclude Include="Src\Framework\Font\KdFont.h">
      <Filter>Src\Framework\Font</Filter>
    </ClInclude>
    <ClInclude Include="Src\Framework\Utility\KdDebug\KdDebugGUI.h">
      <Filter>Src\Framework\Utility\KdDebug</Filter>
    </ClInclude>
    <ClInclude Include="Src\Framework\Utility\KdDebug\KdDebugWireFrame.h">
      <Filter>Src\Framework\Utility\KdDebug</Filter>
    </ClInclude>
    <ClInclude Include="Src\Application\Scene\SceneManager.h">
      <Filter>Src\Application\Scene</Filter>
    </ClInclude>
    <ClInclude Include="Src\Application\Scene\TitleScene\TitleScene.h">
      <Filter>Src\Application\Scene\TitleScene</Filter>
    </ClInclude>
    <ClInclude Include="Src\Application\Scene\GameScene\GameScene.h">
      <Filter>Src\Application\Scene\GameScene</Filter>
    </ClInclude>
    <ClInclude Include="Src\Application\Scene\BaseScene\BaseScene.h">
      <Filter>Src\Application\Scene\BaseScene</Filter>
    </ClInclude>
    <ClInclude Include="Src\Application\GameObject\Camera\CameraBase.h">
      <Filter>Src\Application\GameObject\Camera</Filter>
    </ClInclude>
    <ClInclude Include="Src\Application\GameObject\Camera\TPSCamera\TPSCamera.h">
      <Filter>Src\Application\GameObject\Camera\TPSCamera</Filter>
    </ClInclude>
    <ClInclude Include="Src\Application\GameObject\Camera\FPSCamera\FPSCamera.h">
      <Filter>Src\Application\GameObject\Camera\FPSCamera</Filter>
    </ClInclude>
    <ClInclude Include="Src\Application\GameObject\Character\CharacterBase.h">
      <Filter>Src\Application\GameObject\Character</Filter>
    </ClInclude>
    <ClInclude Include="Src\Application\GameObject\Character\Player\Player.h">
      <Filter>Src\Application\GameObject\Character\Player</Filter>
    </ClInclude>
    <ClInclude Include="Src\Application\Editor\EditorManager.h">
      <Filter>Src\Application\Editor</Filter>
    </ClInclude>
    <ClInclude Include="Src\Application\GameObject\Camera\EditorCamera\EditorCamera.h">
      <Filter>Src\Application\GameObject\Camera\EditorCamera</Filter>
    </ClInclude>
    <ClInclude Include="Src\Application\System\ReferenceManager\ReferenceManager.h">
      <Filter>Src\Application\System\ReferenceManager</Filter>
    </ClInclude>
    <ClInclude Include="Src\Application\System\GameObjectFinder\GameObjectFinder.h">
      <Filter>Src\Application\System\GameObjectFinder</Filter>
    </ClInclude>
    <ClInclude Include="Src\Application\GameObject\Character\Player\Animation\PlayerAnimation.h">
      <Filter>Src\Application\GameObject\Character\Player\Animation</Filter>
    </ClInclude>
    <ClInclude Include="Src\Application\GameObject\Character\Player\State\PlayerState.h">
      <Filter>Src\Application\GameObject\Character\Player\State</Filter>
    </ClInclude>
    <ClInclude Include="Src\Application\System\CollisionManager\CollisionManager.h">
      <Filter>Src\Application\System\CollisionManager</Filter>
    </ClInclude>
    <ClInclude Include="Src\Application\System\CollisionManager\CollisionLayer\CollisionLayer.h">
      <Filter>Src\Application\System\CollisionManager\CollisionLayer</Filter>
    </ClInclude>
    <ClInclude Include="Src\Application\GameObject\Character\Enemy\EnemyBase.h">
      <Filter>Src\Application\GameObject\Character\Enemy</Filter>
    </ClInclude>
    <ClInclude Include="Src\Application\GameObject\Character\Enemy\Beholder\Beholder.h">
      <Filter>Src\Application\GameObject\Character\Enemy\Beholder</Filter>
    </ClInclude>
    <ClInclude Include="Src\Application\GameObject\Character\Enemy\Mushroom\Mushroom.h">
      <Filter>Src\Application\GameObject\Character\Enemy\Mushroom</Filter>
    </ClInclude>
    <ClInclude Include="Src\Application\GameObject\Character\Enemy\Golem\Golem.h">
      <Filter>Src\Application\GameObject\Character\Enemy\Golem</Filter>
    </ClInclude>
    <ClInclude Include="Src\Application\GameObject\Character\Enemy\ChestMonster\ChestMonster.h">
      <Filter>Src\Application\GameObject\Character\Enemy\ChestMonster</Filter>
    </ClInclude>
    <ClInclude Include="Src\Application\GameObject\Character\Enemy\TurtleShell\TurtleShell.h">
      <Filter>Src\Application\GameObject\Character\Enemy\TurtleShell</Filter>
    </ClInclude>
    <ClInclude Include="Src\Application\GameObject\Character\Enemy\StarFish\StarFish.h">
      <Filter>Src\Application\GameObject\Character\Enemy\StarFish</Filter>
    </ClInclude>
    <ClInclude Include="Src\Application\GameObject\Character\Enemy\Slime\Slime.h">
      <Filter>Src\Application\GameObject\Character\Enemy\Slime</Filter>
    </ClInclude>
    <ClInclude Include="Src\Application\GameObject\Character\Enemy\Cactas\Cactas.h">
      <Filter>Src\Application\GameObject\Character\Enemy\Cactas</Filter>
    </ClInclude>
    <ClInclude Include="Src\Application\GameObject\Character\Enemy\Mage\Mage.h">
      <Filter>Src\Application\GameObject\Character\Enemy\Mage</Filter>
    </ClInclude>
    <ClInclude Include="Src\Application\GameObject\Character\Enemy\Bomb\Bomb.h">
      <Filter>Src\Application\GameObject\Character\Enemy\Bomb</Filter>
    </ClInclude>
    <ClInclude Include="Src\Application\GameObject\Character\Enemy\Swarm\Swarm.h">
      <Filter>Src\Application\GameObject\Character\Enemy\Swarm</Filter>
    </ClInclude>
    <ClInclude Include="Src\Application\GameObject\Character\Animation\AnimationBase.h">
      <Filter>Src\Application\GameObject\Character\Animation</Filter>
    </ClInclude>
    <ClInclude Include="Src\Application\GameObject\Character\Enemy\Beholder\Animation\BeholderAnimation.h">
      <Filter>Src\Application\GameObject\Character\Enemy\Beholder\Animation</Filter>
    </ClInclude>
    <ClInclude Include="Src\Application\GameObject\Character\Enemy\Beholder\State\BeholderState.h">
      <Filter>Src\Application\GameObject\Character\Enemy\Beholder\State</Filter>
    </ClInclude>
    <ClInclude Include="Src\Application\GameObject\Character\Enemy\Swarm\Animation\SwarmAnimation.h">
      <Filter>Src\Application\GameObject\Character\Enemy\Swarm\Animation</Filter>
    </ClInclude>
    <ClInclude Include="Src\Application\GameObject\Character\Enemy\Swarm\State\SwarmState.h">
      <Filter>Src\Application\GameObject\Character\Enemy\Swarm\State</Filter>
    </ClInclude>
    <ClInclude Include="Src\Application\GameObject\Character\Enemy\ChestMonster\Animation\ChestMonsterAnimation.h">
      <Filter>Src\Application\GameObject\Character\Enemy\ChestMonster\Animation</Filter>
    </ClInclude>
    <ClInclude Include="Src\Application\GameObject\Character\Enemy\Golem\Animation\GolemAnimation.h">
      <Filter>Src\Application\GameObject\Character\Enemy\Golem\Animation</Filter>
    </ClInclude>
    <ClInclude Include="Src\Application\GameObject\Character\Enemy\Golem\State\GolemState.h">
      <Filter>Src\Application\GameObject\Character\Enemy\Golem\State</Filter>
    </ClInclude>
    <ClInclude Include="Src\Application\GameObject\Character\Enemy\Mushroom\Animation\MushroomAnimation.h">
      <Filter>Src\Application\GameObject\Character\Enemy\Mushroom\Animation</Filter>
    </ClInclude>
    <ClInclude Include="Src\Application\GameObject\Character\Enemy\Mushroom\State\MushroomState.h">
      <Filter>Src\Application\GameObject\Character\Enemy\Mushroom\State</Filter>
    </ClInclude>
    <ClInclude Include="Src\Application\GameObject\Character\Enemy\Cactas\Animation\CactasAnimation.h">
      <Filter>Src\Application\GameObject\Character\Enemy\Cactas\Animation</Filter>
    </ClInclude>
    <ClInclude Include="Src\Application\GameObject\Character\Enemy\Cactas\State\CactasState.h">
      <Filter>Src\Application\GameObject\Character\Enemy\Cactas\State</Filter>
    </ClInclude>
    <ClInclude Include="Src\Application\GameObject\Character\Enemy\Mage\Animation\MageAnimation.h">
      <Filter>Src\Application\GameObject\Character\Enemy\Mage\Animation</Filter>
    </ClInclude>
    <ClInclude Include="Src\Application\GameObject\Character\Enemy\Mage\State\MageState.h">
      <Filter>Src\Application\GameObject\Character\Enemy\Mage\State</Filter>
    </ClInclude>
    <ClInclude Include="Src\Application\GameObject\Character\Enemy\Bomb\Animation\BombAnimation.h">
      <Filter>Src\Application\GameObject\Character\Enemy\Bomb\Animation</Filter>
    </ClInclude>
    <ClInclude Include="Src\Application\GameObject\Character\Enemy\Bomb\State\BombState.h">
      <Filter>Src\Application\GameObject\Character\Enemy\Bomb\State</Filter>
    </ClInclude>
    <ClInclude Include="Src\Application\GameObject\Character\Enemy\Slime\Animation\SlimeAnimation.h">
      <Filter>Src\Application\GameObject\Character\Enemy\Slime\Animation</Filter>
    </ClInclude>
    <ClInclude Include="Src\Application\GameObject\Character\Enemy\Slime\State\SlimeState.h">
      <Filter>Src\Application\GameObject\Character\Enemy\Slime\State</Filter>
    </ClInclude>
    <ClInclude Include="Src\Application\GameObject\Character\Enemy\StarFish\Animation\StarFishAnimation.h">
      <Filter>Src\Application\GameObject\Character\Enemy\StarFish\Animation</Filter>
    </ClInclude>
    <ClInclude Include="Src\Application\GameObject\Character\Enemy\StarFish\State\StarFishState.h">
      <Filter>Src\Application\GameObject\Character\Enemy\StarFish\State</Filter>
    </ClInclude>
    <ClInclude Include="Src\Application\GameObject\Character\Enemy\TurtleShell\Animation\TurtleShellAnimation.h">
      <Filter>Src\Application\GameObject\Character\Enemy\TurtleShell\Animation</Filter>
    </ClInclude>
    <ClInclude Include="Src\Application\GameObject\Character\Enemy\TurtleShell\State\TurtleShellState.h">
      <Filter>Src\Application\GameObject\Character\Enemy\TurtleShell\State</Filter>
    </ClInclude>
    <ClInclude Include="Src\Application\GameObject\Character\Enemy\ChestMonster\State\ChestMonsterState.h">
      <Filter>Src\Application\GameObject\Character\Enemy\ChestMonster\State</Filter>
    </ClInclude>
    <ClInclude Include="Src\Application\GameObject\Character\Player\Parameter\PlayerParameter.h">
      <Filter>Src\Application\GameObject\Character\Player\Parameter</Filter>
    </ClInclude>
    <ClInclude Include="Src\Application\GameObject\Character\Enemy\Beholder\Parameter\BeholderParameter.h">
      <Filter>Src\Application\GameObject\Character\Enemy\Beholder\Parameter</Filter>
    </ClInclude>
    <ClInclude Include="Src\Application\GameObject\Character\Enemy\Bomb\Parameter\BombParameter.h">
      <Filter>Src\Application\GameObject\Character\Enemy\Bomb\Parameter</Filter>
    </ClInclude>
    <ClInclude Include="Src\Application\GameObject\Character\Enemy\Cactas\Parameter\CactasParameter.h">
      <Filter>Src\Application\GameObject\Character\Enemy\Cactas\Parameter</Filter>
    </ClInclude>
    <ClInclude Include="Src\Application\GameObject\Character\Enemy\ChestMonster\Parameter\ChestMonsterParameter.h">
      <Filter>Src\Application\GameObject\Character\Enemy\ChestMonster\Parameter</Filter>
    </ClInclude>
    <ClInclude Include="Src\Application\GameObject\Character\Enemy\Golem\Parameter\GolemParameter.h">
      <Filter>Src\Application\GameObject\Character\Enemy\Golem\Parameter</Filter>
    </ClInclude>
    <ClInclude Include="Src\Application\GameObject\Character\Enemy\Mage\Parameter\MageParameter.h">
      <Filter>Src\Application\GameObject\Character\Enemy\Mage\Parameter</Filter>
    </ClInclude>
    <ClInclude Include="Src\Application\GameObject\Character\Enemy\Mushroom\Parameter\MushroomParameter.h">
      <Filter>Src\Application\GameObject\Character\Enemy\Mushroom\Parameter</Filter>
    </ClInclude>
    <ClInclude Include="Src\Application\GameObject\Character\Enemy\Slime\Parameter\SlimeParameter.h">
      <Filter>Src\Application\GameObject\Character\Enemy\Slime\Parameter</Filter>
    </ClInclude>
    <ClInclude Include="Src\Application\GameObject\Character\Enemy\StarFish\Parameter\StarFishParameter.h">
      <Filter>Src\Application\GameObject\Character\Enemy\StarFish\Parameter</Filter>
    </ClInclude>
    <ClInclude Include="Src\Application\GameObject\Character\Enemy\Swarm\Parameter\SwarmParameter.h">
      <Filter>Src\Application\GameObject\Character\Enemy\Swarm\Parameter</Filter>
    </ClInclude>
    <ClInclude Include="Src\Application\GameObject\Character\Enemy\TurtleShell\Parameter\TurtleShellParameter.h">
      <Filter>Src\Application\GameObject\Character\Enemy\TurtleShell\Parameter</Filter>
    </ClInclude>
    <ClInclude Include="Src\Application\Scene\EditorScene\EditorScene.h">
      <Filter>Src\Application\Scene\EditorScene</Filter>
    </ClInclude>
    <ClInclude Include="Src\Application\Editor\Hierarchy\Hierarchy.h">
      <Filter>Src\Application\Editor\Hierarchy</Filter>
    </ClInclude>
    <ClInclude Include="Src\Application\Editor\Inspector\Inspector.h">
      <Filter>Src\Application\Editor\Inspector</Filter>
    </ClInclude>
    <ClInclude Include="Src\Application\Editor\StageEditor\StageEditor.h">
      <Filter>Src\Application\Editor\StageEditor</Filter>
    </ClInclude>
    <ClInclude Include="Src\Application\GameObject\Stage\StageBase.h">
      <Filter>Src\Application\GameObject\Stage</Filter>
    </ClInclude>
    <ClInclude Include="Src\Application\GameObject\Stage\Stage01\Render\Stage01.h">
      <Filter>Src\Application\GameObject\Stage\Stage01\Render</Filter>
    </ClInclude>
    <ClInclude Include="Src\Application\GameObject\Stage\Stage01\Collision\GroundCollision\GroundCollision.h">
      <Filter>Src\Application\GameObject\Stage\Stage01\Collision\GroundCollision</Filter>
    </ClInclude>
    <ClInclude Include="Src\Application\GameObject\Stage\Stage01\Collision\WallCollision\WallCollision.h">
      <Filter>Src\Application\GameObject\Stage\Stage01\Collision\WallCollision</Filter>
    </ClInclude>
    <ClInclude Include="Src\Application\System\StageDataManager\StageDataManager.h">
      <Filter>Src\Application\System\StageDataManager</Filter>
    </ClInclude>
    <ClInclude Include="Src\Application\Editor\MessageWindow\MessageWindow.h">
      <Filter>Src\Application\Editor\MessageWindow</Filter>
    </ClInclude>
    <ClInclude Include="Src\Application\System\WayPointManager\WayPointManager.h">
      <Filter>Src\Application\System\WayPointManager</Filter>
    </ClInclude>
    <ClInclude Include="Src\Application\GameObject\WayPoint\WayPoint.h">
      <Filter>Src\Application\GameObject\WayPoint</Filter>
    </ClInclude>
    <ClInclude Include="Src\Application\GameObject\Stage\Stage01\Collision\AIBlockCollision\AIBlockCollision.h">
      <Filter>Src\Application\GameObject\Stage\Stage01\Collision\AIBlockCollision</Filter>
    </ClInclude>
    <ClInclude Include="Src\Application\GameObject\Stage\Stage01\Collision\WallCollision\WallCollisionManager.h">
      <Filter>Src\Application\GameObject\Stage\Stage01\Collision\WallCollision</Filter>
    </ClInclude>
  </ItemGroup>
  <ItemGroup>
    <ClCompile Include="src\Pch.cpp">
      <Filter>Src</Filter>
    </ClCompile>
    <ClCompile Include="Src\Application\main.cpp">
      <Filter>Src\Application</Filter>
    </ClCompile>
    <ClCompile Include="src\Framework\Direct3D\KdDirect3D.cpp">
      <Filter>Src\Framework\Direct3D</Filter>
    </ClCompile>
    <ClCompile Include="src\Framework\Direct3D\KdTexture.cpp">
      <Filter>Src\Framework\Direct3D</Filter>
    </ClCompile>
    <ClCompile Include="src\Framework\Direct3D\KdBuffer.cpp">
      <Filter>Src\Framework\Direct3D</Filter>
    </ClCompile>
    <ClCompile Include="Src\Framework\Direct3D\KdGLTFLoader.cpp">
      <Filter>Src\Framework\Direct3D</Filter>
    </ClCompile>
    <ClCompile Include="Src\Framework\Shader\KdShaderManager.cpp">
      <Filter>Src\Framework\Shader</Filter>
    </ClCompile>
    <ClCompile Include="Src\Framework\Shader\SpriteShader\KdSpriteShader.cpp">
      <Filter>Src\Framework\Shader\SpriteShader</Filter>
    </ClCompile>
    <ClCompile Include="src\Framework\Window\KdWindow.cpp">
      <Filter>Src\Framework\Window</Filter>
    </ClCompile>
    <ClCompile Include="Src\Framework\Utility\KdUtility.cpp">
      <Filter>Src\Framework\Utility</Filter>
    </ClCompile>
    <ClCompile Include="src\Framework\Direct3D\KdMesh.cpp">
      <Filter>Src\Framework\Direct3D</Filter>
    </ClCompile>
    <ClCompile Include="Src\Framework\Direct3D\KdModel.cpp">
      <Filter>Src\Framework\Direct3D</Filter>
    </ClCompile>
    <ClCompile Include="Src\Framework\Math\KdCollision.cpp">
      <Filter>Src\Framework\Math</Filter>
    </ClCompile>
    <ClCompile Include="Src\Framework\Math\KdAnimation.cpp">
      <Filter>Src\Framework\Math</Filter>
    </ClCompile>
    <ClCompile Include="Src\Framework\Audio\KdAudio.cpp">
      <Filter>Src\Framework\Audio</Filter>
    </ClCompile>
    <ClCompile Include="Src\Framework\Direct3D\KdCamera.cpp">
      <Filter>Src\Framework\Direct3D</Filter>
    </ClCompile>
    <ClCompile Include="Src\Framework\Shader\PostProcessShader\KdPostProcessShader.cpp">
      <Filter>Src\Framework\Shader\PostProcessShader</Filter>
    </ClCompile>
    <ClCompile Include="Src\Framework\Math\KdCollider.cpp">
      <Filter>Src\Framework\Math</Filter>
    </ClCompile>
    <ClCompile Include="Src\Framework\Math\KdEasing.cpp">
      <Filter>Src\Framework\Math</Filter>
    </ClCompile>
    <ClCompile Include="Src\Framework\GameObject\KdGameObject.cpp">
      <Filter>Src\Framework\GameObject</Filter>
    </ClCompile>
    <ClCompile Include="Src\Framework\GameObject\KdGameObjectFactory.cpp">
      <Filter>Src\Framework\GameObject</Filter>
    </ClCompile>
    <ClCompile Include="Src\Framework\Input\KdInput.cpp">
      <Filter>Src\Framework\Input</Filter>
    </ClCompile>
    <ClCompile Include="Src\Framework\Utility\KdCSVData.cpp">
      <Filter>Src\Framework\Utility</Filter>
    </ClCompile>
    <ClCompile Include="Src\Framework\Direct3D\Polygon\KdSquarePolygon.cpp">
      <Filter>Src\Framework\Direct3D\Polygon</Filter>
    </ClCompile>
    <ClCompile Include="Src\Framework\Direct3D\Polygon\KdTrailPolygon.cpp">
      <Filter>Src\Framework\Direct3D\Polygon</Filter>
    </ClCompile>
    <ClCompile Include="Src\Framework\Direct3D\KdMaterial.cpp">
      <Filter>Src\Framework\Direct3D</Filter>
    </ClCompile>
    <ClCompile Include="Src\Framework\Direct3D\Polygon\KdPolygon.cpp">
      <Filter>Src\Framework\Direct3D\Polygon</Filter>
    </ClCompile>
    <ClCompile Include="Src\Framework\Shader\KdAmbientController.cpp">
      <Filter>Src\Framework\Shader</Filter>
    </ClCompile>
    <ClCompile Include="Src\Framework\Math\KdUVAnimation.cpp">
      <Filter>Src\Framework\Math</Filter>
    </ClCompile>
    <ClCompile Include="Src\Framework\Shader\KdRenderTargetChange.cpp">
      <Filter>Src\Framework\Shader</Filter>
    </ClCompile>
    <ClCompile Include="Src\Framework\Utility\KdFPSController.cpp">
      <Filter>Src\Framework\Utility</Filter>
    </ClCompile>
    <ClCompile Include="Src\Framework\Shader\StandardShader\KdStandardShader.cpp">
      <Filter>Src\Framework\Shader\StandardShader</Filter>
    </ClCompile>
    <ClCompile Include="Src\Framework\Effekseer\KdEffekseerManager.cpp">
      <Filter>Src\Framework\Effekseer</Filter>
    </ClCompile>
    <ClCompile Include="..\Library\imgui\imgui.cpp">
      <Filter>Library\imgui</Filter>
    </ClCompile>
    <ClCompile Include="..\Library\imgui\imgui_demo.cpp">
      <Filter>Library\imgui</Filter>
    </ClCompile>
    <ClCompile Include="..\Library\imgui\imgui_draw.cpp">
      <Filter>Library\imgui</Filter>
    </ClCompile>
    <ClCompile Include="..\Library\imgui\imgui_impl_dx11.cpp">
      <Filter>Library\imgui</Filter>
    </ClCompile>
    <ClCompile Include="..\Library\imgui\imgui_impl_win32.cpp">
      <Filter>Library\imgui</Filter>
    </ClCompile>
    <ClCompile Include="..\Library\imgui\imgui_stdlib.cpp">
      <Filter>Library\imgui</Filter>
    </ClCompile>
    <ClCompile Include="..\Library\imgui\imgui_tables.cpp">
      <Filter>Library\imgui</Filter>
    </ClCompile>
    <ClCompile Include="..\Library\imgui\imgui_widgets.cpp">
      <Filter>Library\imgui</Filter>
    </ClCompile>
    <ClCompile Include="Src\Framework\Font\KdFont.cpp">
      <Filter>Src\Framework\Font</Filter>
    </ClCompile>
    <ClCompile Include="Src\Framework\Utility\KdDebug\KdDebugGUI.cpp">
      <Filter>Src\Framework\Utility\KdDebug</Filter>
    </ClCompile>
    <ClCompile Include="Src\Framework\Utility\KdDebug\KdDebugWireFrame.cpp">
      <Filter>Src\Framework\Utility\KdDebug</Filter>
    </ClCompile>
    <ClCompile Include="Src\Application\Scene\SceneManager.cpp">
      <Filter>Src\Application\Scene</Filter>
    </ClCompile>
    <ClCompile Include="Src\Application\Scene\TitleScene\TitleScene.cpp">
      <Filter>Src\Application\Scene\TitleScene</Filter>
    </ClCompile>
    <ClCompile Include="Src\Application\Scene\GameScene\GameScene.cpp">
      <Filter>Src\Application\Scene\GameScene</Filter>
    </ClCompile>
    <ClCompile Include="Src\Application\Scene\BaseScene\BaseScene.cpp">
      <Filter>Src\Application\Scene\BaseScene</Filter>
    </ClCompile>
    <ClCompile Include="Src\Application\GameObject\Camera\CameraBase.cpp">
      <Filter>Src\Application\GameObject\Camera</Filter>
    </ClCompile>
    <ClCompile Include="Src\Application\GameObject\Camera\TPSCamera\TPSCamera.cpp">
      <Filter>Src\Application\GameObject\Camera\TPSCamera</Filter>
    </ClCompile>
    <ClCompile Include="Src\Application\GameObject\Camera\FPSCamera\FPSCamera.cpp">
      <Filter>Src\Application\GameObject\Camera\FPSCamera</Filter>
    </ClCompile>
    <ClCompile Include="Src\Application\GameObject\Character\CharacterBase.cpp">
      <Filter>Src\Application\GameObject\Character</Filter>
    </ClCompile>
    <ClCompile Include="Src\Application\GameObject\Character\Player\Player.cpp">
      <Filter>Src\Application\GameObject\Character\Player</Filter>
    </ClCompile>
    <ClCompile Include="Src\Application\Editor\EditorManager.cpp">
      <Filter>Src\Application\Editor</Filter>
    </ClCompile>
    <ClCompile Include="Src\Application\GameObject\Camera\EditorCamera\EditorCamera.cpp">
      <Filter>Src\Application\GameObject\Camera\EditorCamera</Filter>
    </ClCompile>
    <ClCompile Include="Src\Application\System\ReferenceManager\ReferenceManager.cpp">
      <Filter>Src\Application\System\ReferenceManager</Filter>
    </ClCompile>
    <ClCompile Include="Src\Application\System\GameObjectFinder\GameObjectFinder.cpp">
      <Filter>Src\Application\System\GameObjectFinder</Filter>
    </ClCompile>
    <ClCompile Include="Src\Application\GameObject\Character\Player\Animation\PlayerAnimation.cpp">
      <Filter>Src\Application\GameObject\Character\Player\Animation</Filter>
    </ClCompile>
    <ClCompile Include="Src\Application\System\CollisionManager\CollisionManager.cpp">
      <Filter>Src\Application\System\CollisionManager</Filter>
    </ClCompile>
    <ClCompile Include="Src\Application\GameObject\Character\Enemy\EnemyBase.cpp">
      <Filter>Src\Application\GameObject\Character\Enemy</Filter>
    </ClCompile>
    <ClCompile Include="Src\Application\GameObject\Character\Enemy\Beholder\Beholder.cpp">
      <Filter>Src\Application\GameObject\Character\Enemy\Beholder</Filter>
    </ClCompile>
    <ClCompile Include="Src\Application\GameObject\Character\Enemy\Mushroom\Mushroom.cpp">
      <Filter>Src\Application\GameObject\Character\Enemy\Mushroom</Filter>
    </ClCompile>
    <ClCompile Include="Src\Application\GameObject\Character\Enemy\Golem\Golem.cpp">
      <Filter>Src\Application\GameObject\Character\Enemy\Golem</Filter>
    </ClCompile>
    <ClCompile Include="Src\Application\GameObject\Character\Enemy\ChestMonster\ChestMonster.cpp">
      <Filter>Src\Application\GameObject\Character\Enemy\ChestMonster</Filter>
    </ClCompile>
    <ClCompile Include="Src\Application\GameObject\Character\Enemy\TurtleShell\TurtleShell.cpp">
      <Filter>Src\Application\GameObject\Character\Enemy\TurtleShell</Filter>
    </ClCompile>
    <ClCompile Include="Src\Application\GameObject\Character\Enemy\StarFish\StarFish.cpp">
      <Filter>Src\Application\GameObject\Character\Enemy\StarFish</Filter>
    </ClCompile>
    <ClCompile Include="Src\Application\GameObject\Character\Enemy\Slime\Slime.cpp">
      <Filter>Src\Application\GameObject\Character\Enemy\Slime</Filter>
    </ClCompile>
    <ClCompile Include="Src\Application\GameObject\Character\Enemy\Cactas\Cactas.cpp">
      <Filter>Src\Application\GameObject\Character\Enemy\Cactas</Filter>
    </ClCompile>
    <ClCompile Include="Src\Application\GameObject\Character\Enemy\Mage\Mage.cpp">
      <Filter>Src\Application\GameObject\Character\Enemy\Mage</Filter>
    </ClCompile>
    <ClCompile Include="Src\Application\GameObject\Character\Enemy\Bomb\Bomb.cpp">
      <Filter>Src\Application\GameObject\Character\Enemy\Bomb</Filter>
    </ClCompile>
    <ClCompile Include="Src\Application\GameObject\Character\Enemy\Swarm\Swarm.cpp">
      <Filter>Src\Application\GameObject\Character\Enemy\Swarm</Filter>
    </ClCompile>
    <ClCompile Include="Src\Application\GameObject\Character\Animation\AnimationBase.cpp">
      <Filter>Src\Application\GameObject\Character\Animation</Filter>
    </ClCompile>
    <ClCompile Include="Src\Application\GameObject\Character\Enemy\Beholder\Animation\BeholderAnimation.cpp">
      <Filter>Src\Application\GameObject\Character\Enemy\Beholder\Animation</Filter>
    </ClCompile>
    <ClCompile Include="Src\Application\GameObject\Character\Enemy\Swarm\Animation\SwarmAnimation.cpp">
      <Filter>Src\Application\GameObject\Character\Enemy\Swarm\Animation</Filter>
    </ClCompile>
    <ClCompile Include="Src\Application\GameObject\Character\Enemy\ChestMonster\Animation\ChestMonsterAnimation.cpp">
      <Filter>Src\Application\GameObject\Character\Enemy\ChestMonster\Animation</Filter>
    </ClCompile>
    <ClCompile Include="Src\Application\GameObject\Character\Enemy\Golem\Animation\GolemAnimation.cpp">
      <Filter>Src\Application\GameObject\Character\Enemy\Golem\Animation</Filter>
    </ClCompile>
    <ClCompile Include="Src\Application\GameObject\Character\Enemy\Mushroom\Animation\MushroomAnimation.cpp">
      <Filter>Src\Application\GameObject\Character\Enemy\Mushroom\Animation</Filter>
    </ClCompile>
    <ClCompile Include="Src\Application\GameObject\Character\Enemy\Cactas\Animation\CactasAnimation.cpp">
      <Filter>Src\Application\GameObject\Character\Enemy\Cactas\Animation</Filter>
    </ClCompile>
    <ClCompile Include="Src\Application\GameObject\Character\Enemy\Mage\Animation\MageAnimation.cpp">
      <Filter>Src\Application\GameObject\Character\Enemy\Mage\Animation</Filter>
    </ClCompile>
    <ClCompile Include="Src\Application\GameObject\Character\Enemy\Bomb\Animation\BombAnimation.cpp">
      <Filter>Src\Application\GameObject\Character\Enemy\Bomb\Animation</Filter>
    </ClCompile>
    <ClCompile Include="Src\Application\GameObject\Character\Enemy\Slime\Animation\SlimeAnimation.cpp">
      <Filter>Src\Application\GameObject\Character\Enemy\Slime\Animation</Filter>
    </ClCompile>
    <ClCompile Include="Src\Application\GameObject\Character\Enemy\StarFish\Animation\StarFishAnimation.cpp">
      <Filter>Src\Application\GameObject\Character\Enemy\StarFish\Animation</Filter>
    </ClCompile>
    <ClCompile Include="Src\Application\GameObject\Character\Enemy\TurtleShell\Animation\TurtleShellAnimation.cpp">
      <Filter>Src\Application\GameObject\Character\Enemy\TurtleShell\Animation</Filter>
    </ClCompile>
    <ClCompile Include="Src\Application\GameObject\Character\Player\Parameter\PlayerParameter.cpp">
      <Filter>Src\Application\GameObject\Character\Player\Parameter</Filter>
    </ClCompile>
    <ClCompile Include="Src\Application\GameObject\Character\Enemy\Beholder\Parameter\BeholderParameter.cpp">
      <Filter>Src\Application\GameObject\Character\Enemy\Beholder\Parameter</Filter>
    </ClCompile>
    <ClCompile Include="Src\Application\GameObject\Character\Enemy\Bomb\Parameter\BombParameter.cpp">
      <Filter>Src\Application\GameObject\Character\Enemy\Bomb\Parameter</Filter>
    </ClCompile>
    <ClCompile Include="Src\Application\GameObject\Character\Enemy\Cactas\Parameter\CactasParameter.cpp">
      <Filter>Src\Application\GameObject\Character\Enemy\Cactas\Parameter</Filter>
    </ClCompile>
    <ClCompile Include="Src\Application\GameObject\Character\Enemy\ChestMonster\Parameter\ChestMonsterParameter.cpp">
      <Filter>Src\Application\GameObject\Character\Enemy\ChestMonster\Parameter</Filter>
    </ClCompile>
    <ClCompile Include="Src\Application\GameObject\Character\Enemy\Golem\Parameter\GolemParameter.cpp">
      <Filter>Src\Application\GameObject\Character\Enemy\Golem\Parameter</Filter>
    </ClCompile>
    <ClCompile Include="Src\Application\GameObject\Character\Enemy\Mage\Parameter\MageParameter.cpp">
      <Filter>Src\Application\GameObject\Character\Enemy\Mage\Parameter</Filter>
    </ClCompile>
    <ClCompile Include="Src\Application\GameObject\Character\Enemy\Mushroom\Parameter\MushroomParameter.cpp">
      <Filter>Src\Application\GameObject\Character\Enemy\Mushroom\Parameter</Filter>
    </ClCompile>
    <ClCompile Include="Src\Application\GameObject\Character\Enemy\Slime\Parameter\SlimeParameter.cpp">
      <Filter>Src\Application\GameObject\Character\Enemy\Slime\Parameter</Filter>
    </ClCompile>
    <ClCompile Include="Src\Application\GameObject\Character\Enemy\StarFish\Parameter\StarFishParameter.cpp">
      <Filter>Src\Application\GameObject\Character\Enemy\StarFish\Parameter</Filter>
    </ClCompile>
    <ClCompile Include="Src\Application\GameObject\Character\Enemy\Swarm\Parameter\SwarmParameter.cpp">
      <Filter>Src\Application\GameObject\Character\Enemy\Swarm\Parameter</Filter>
    </ClCompile>
    <ClCompile Include="Src\Application\GameObject\Character\Enemy\TurtleShell\Parameter\TurtleShellParameter.cpp">
      <Filter>Src\Application\GameObject\Character\Enemy\TurtleShell\Parameter</Filter>
    </ClCompile>
    <ClCompile Include="Src\Application\Scene\EditorScene\EditorScene.cpp">
      <Filter>Src\Application\Scene\EditorScene</Filter>
    </ClCompile>
    <ClCompile Include="Src\Application\Editor\Hierarchy\Hierarchy.cpp">
      <Filter>Src\Application\Editor\Hierarchy</Filter>
    </ClCompile>
    <ClCompile Include="Src\Application\Editor\Inspector\Inspector.cpp">
      <Filter>Src\Application\Editor\Inspector</Filter>
    </ClCompile>
    <ClCompile Include="Src\Application\Editor\StageEditor\StageEditor.cpp">
      <Filter>Src\Application\Editor\StageEditor</Filter>
    </ClCompile>
    <ClCompile Include="Src\Application\GameObject\Stage\StageBase.cpp">
      <Filter>Src\Application\GameObject\Stage</Filter>
    </ClCompile>
    <ClCompile Include="Src\Application\GameObject\Stage\Stage01\Render\Stage01.cpp">
      <Filter>Src\Application\GameObject\Stage\Stage01\Render</Filter>
    </ClCompile>
    <ClCompile Include="Src\Application\GameObject\Stage\Stage01\Collision\GroundCollision\GroundCollision.cpp">
      <Filter>Src\Application\GameObject\Stage\Stage01\Collision\GroundCollision</Filter>
    </ClCompile>
    <ClCompile Include="Src\Application\GameObject\Stage\Stage01\Collision\WallCollision\WallCollision.cpp">
      <Filter>Src\Application\GameObject\Stage\Stage01\Collision\WallCollision</Filter>
    </ClCompile>
    <ClCompile Include="Src\Application\System\StageDataManager\StageDataManager.cpp">
      <Filter>Src\Application\System\StageDataManager</Filter>
    </ClCompile>
    <ClCompile Include="Src\Application\Editor\MessageWindow\MessageWindow.cpp">
      <Filter>Src\Application\Editor\MessageWindow</Filter>
    </ClCompile>
    <ClCompile Include="Src\Application\System\WayPointManager\WayPointManager.cpp">
      <Filter>Src\Application\System\WayPointManager</Filter>
    </ClCompile>
    <ClCompile Include="Src\Application\GameObject\WayPoint\WayPoint.cpp">
      <Filter>Src\Application\GameObject\WayPoint</Filter>
    </ClCompile>
    <ClCompile Include="Src\Application\GameObject\Stage\Stage01\Collision\AIBlockCollision\AIBlockCollision.cpp">
      <Filter>Src\Application\GameObject\Stage\Stage01\Collision\AIBlockCollision</Filter>
    </ClCompile>
    <ClCompile Include="Src\Application\GameObject\Stage\Stage01\Collision\WallCollision\WallCollisionManager.cpp">
      <Filter>Src\Application\GameObject\Stage\Stage01\Collision\WallCollision</Filter>
    </ClCompile>
  </ItemGroup>
  <ItemGroup>
    <None Include="Src\Framework\Shader\inc_KdCommon.hlsli">
      <Filter>Src\Framework\Shader</Filter>
    </None>
    <None Include="Src\Framework\Shader\SpriteShader\inc_KdSpriteShader.hlsli">
      <Filter>Src\Framework\Shader\SpriteShader</Filter>
    </None>
    <None Include="Src\Framework\Shader\PostProcessShader\inc_KdPostProcessShader.hlsli">
      <Filter>Src\Framework\Shader\PostProcessShader</Filter>
    </None>
    <None Include="Src\Framework\Shader\StandardShader\inc_KdStandardShader.hlsli">
      <Filter>Src\Framework\Shader\StandardShader</Filter>
    </None>
  </ItemGroup>
  <ItemGroup>
    <FxCompile Include="Src\Framework\Shader\SpriteShader\KdSpriteShader_PS.hlsl">
      <Filter>Src\Framework\Shader\SpriteShader</Filter>
    </FxCompile>
    <FxCompile Include="Src\Framework\Shader\SpriteShader\KdSpriteShader_VS.hlsl">
      <Filter>Src\Framework\Shader\SpriteShader</Filter>
    </FxCompile>
    <FxCompile Include="Src\Framework\Shader\PostProcessShader\KdPostProcessShader_PS_Blur.hlsl">
      <Filter>Src\Framework\Shader\PostProcessShader</Filter>
    </FxCompile>
    <FxCompile Include="Src\Framework\Shader\PostProcessShader\KdPostProcessShader_VS.hlsl">
      <Filter>Src\Framework\Shader\PostProcessShader</Filter>
    </FxCompile>
    <FxCompile Include="Src\Framework\Shader\PostProcessShader\KdPostProcessShader_PS_DoF.hlsl">
      <Filter>Src\Framework\Shader\PostProcessShader</Filter>
    </FxCompile>
    <FxCompile Include="Src\Framework\Shader\PostProcessShader\KdPostProcessShader_PS_Bright.hlsl">
      <Filter>Src\Framework\Shader\PostProcessShader</Filter>
    </FxCompile>
    <FxCompile Include="Src\Framework\Shader\StandardShader\KdStandardShader_PS_GenDepthMapFromLight.hlsl">
      <Filter>Src\Framework\Shader\StandardShader</Filter>
    </FxCompile>
    <FxCompile Include="Src\Framework\Shader\StandardShader\KdStandardShader_PS_Lit.hlsl">
      <Filter>Src\Framework\Shader\StandardShader</Filter>
    </FxCompile>
    <FxCompile Include="Src\Framework\Shader\StandardShader\KdStandardShader_PS_UnLit.hlsl">
      <Filter>Src\Framework\Shader\StandardShader</Filter>
    </FxCompile>
    <FxCompile Include="Src\Framework\Shader\StandardShader\KdStandardShader_VS_GenDepthMapFromLight.hlsl">
      <Filter>Src\Framework\Shader\StandardShader</Filter>
    </FxCompile>
    <FxCompile Include="Src\Framework\Shader\StandardShader\KdStandardShader_VS_Lit.hlsl">
      <Filter>Src\Framework\Shader\StandardShader</Filter>
    </FxCompile>
    <FxCompile Include="Src\Framework\Shader\StandardShader\KdStandardShader_VS_UnLit.hlsl">
      <Filter>Src\Framework\Shader\StandardShader</Filter>
    </FxCompile>
  </ItemGroup>
</Project>